
Microsoft Visual Studio Solution File, Format Version 12.00
# Visual Studio Version 16
VisualStudioVersion = 25.0.1705.6
MinimumVisualStudioVersion = 10.0.40219.1
Project("{FAE04EC0-301F-11D3-BF4B-00C04F79EFBC}") = "CalculatorApp", "CalculatorApp.csproj", "{12A1F4DE-00E0-4E0B-B947-33BC73C56899}"
EndProject
Global
	GlobalSection(SolutionConfigurationPlatforms) = preSolution
		Debug|Any CPU = Debug|Any CPU
		Release|Any CPU = Release|Any CPU
	EndGlobalSection
	GlobalSection(ProjectConfigurationPlatforms) = postSolution
		{12A1F4DE-00E0-4E0B-B947-33BC73C56899}.Debug|Any CPU.ActiveCfg = Debug|Any CPU
		{12A1F4DE-00E0-4E0B-B947-33BC73C56899}.Debug|Any CPU.Build.0 = Debug|Any CPU
		{12A1F4DE-00E0-4E0B-B947-33BC73C56899}.Release|Any CPU.ActiveCfg = Release|Any CPU
		{12A1F4DE-00E0-4E0B-B947-33BC73C56899}.Release|Any CPU.Build.0 = Release|Any CPU
	EndGlobalSection
	GlobalSection(SolutionProperties) = preSolution
		HideSolutionNode = FALSE
	EndGlobalSection
	GlobalSection(ExtensibilityGlobals) = postSolution
		SolutionGuid = {3CFCE650-A7DA-458A-A913-9E50F414514A}
	EndGlobalSection
EndGlobal
